// !$*UTF8*$!
{
	archiveVersion = 1;
	classes = {
	};
	objectVersion = 51;
	objects = {

/* Begin PBXBuildFile section */
		23BF2818CA557132B5051F08 /* Pods_Parstagram.framework in Frameworks */ = {isa = PBXBuildFile; fileRef = E03423946FD4784F87ABBA56 /* Pods_Parstagram.framework */; };
		C01A995026067D6D00AD4402 /* AppDelegate.swift in Sources */ = {isa = PBXBuildFile; fileRef = C01A994F26067D6D00AD4402 /* AppDelegate.swift */; };
		C01A995226067D6D00AD4402 /* SceneDelegate.swift in Sources */ = {isa = PBXBuildFile; fileRef = C01A995126067D6D00AD4402 /* SceneDelegate.swift */; };
		C01A995426067D6D00AD4402 /* ViewController.swift in Sources */ = {isa = PBXBuildFile; fileRef = C01A995326067D6D00AD4402 /* ViewController.swift */; };
		C01A995726067D6D00AD4402 /* Main.storyboard in Resources */ = {isa = PBXBuildFile; fileRef = C01A995526067D6D00AD4402 /* Main.storyboard */; };
		C01A995926067D7400AD4402 /* Assets.xcassets in Resources */ = {isa = PBXBuildFile; fileRef = C01A995826067D7400AD4402 /* Assets.xcassets */; };
		C01A995C26067D7400AD4402 /* LaunchScreen.storyboard in Resources */ = {isa = PBXBuildFile; fileRef = C01A995A26067D7400AD4402 /* LaunchScreen.storyboard */; };
		C01A99642606C58B00AD4402 /* LoginViewController.swift in Sources */ = {isa = PBXBuildFile; fileRef = C01A99632606C58B00AD4402 /* LoginViewController.swift */; };
		C01A99662606C5A200AD4402 /* FeedViewController.swift in Sources */ = {isa = PBXBuildFile; fileRef = C01A99652606C5A200AD4402 /* FeedViewController.swift */; };
		C01A99682606CB7600AD4402 /* CameraViewController.swift in Sources */ = {isa = PBXBuildFile; fileRef = C01A99672606CB7600AD4402 /* CameraViewController.swift */; };
		C01A996A2607EF0D00AD4402 /* PostCell.swift in Sources */ = {isa = PBXBuildFile; fileRef = C01A99692607EF0D00AD4402 /* PostCell.swift */; };
		C07B4471260F8F7200F8A3A3 /* CommentCell.swift in Sources */ = {isa = PBXBuildFile; fileRef = C07B4470260F8F7200F8A3A3 /* CommentCell.swift */; };
/* End PBXBuildFile section */

/* Begin PBXFileReference section */
		89591A6754FBB63B779AE487 /* Pods-Parstagram.debug.xcconfig */ = {isa = PBXFileReference; includeInIndex = 1; lastKnownFileType = text.xcconfig; name = "Pods-Parstagram.debug.xcconfig"; path = "Target Support Files/Pods-Parstagram/Pods-Parstagram.debug.xcconfig"; sourceTree = "<group>"; };
		C01A994C26067D6D00AD4402 /* Parstagram.app */ = {isa = PBXFileReference; explicitFileType = wrapper.application; includeInIndex = 0; path = Parstagram.app; sourceTree = BUILT_PRODUCTS_DIR; };
		C01A994F26067D6D00AD4402 /* AppDelegate.swift */ = {isa = PBXFileReference; lastKnownFileType = sourcecode.swift; path = AppDelegate.swift; sourceTree = "<group>"; };
		C01A995126067D6D00AD4402 /* SceneDelegate.swift */ = {isa = PBXFileReference; lastKnownFileType = sourcecode.swift; path = SceneDelegate.swift; sourceTree = "<group>"; };
		C01A995326067D6D00AD4402 /* ViewController.swift */ = {isa = PBXFileReference; lastKnownFileType = sourcecode.swift; path = ViewController.swift; sourceTree = "<group>"; };
		C01A995626067D6D00AD4402 /* Base */ = {isa = PBXFileReference; lastKnownFileType = file.storyboard; name = Base; path = Base.lproj/Main.storyboard; sourceTree = "<group>"; };
		C01A995826067D7400AD4402 /* Assets.xcassets */ = {isa = PBXFileReference; lastKnownFileType = folder.assetcatalog; path = Assets.xcassets; sourceTree = "<group>"; };
		C01A995B26067D7400AD4402 /* Base */ = {isa = PBXFileReference; lastKnownFileType = file.storyboard; name = Base; path = Base.lproj/LaunchScreen.storyboard; sourceTree = "<group>"; };
		C01A995D26067D7400AD4402 /* Info.plist */ = {isa = PBXFileReference; lastKnownFileType = text.plist.xml; path = Info.plist; sourceTree = "<group>"; };
		C01A99632606C58B00AD4402 /* LoginViewController.swift */ = {isa = PBXFileReference; lastKnownFileType = sourcecode.swift; path = LoginViewController.swift; sourceTree = "<group>"; };
		C01A99652606C5A200AD4402 /* FeedViewController.swift */ = {isa = PBXFileReference; lastKnownFileType = sourcecode.swift; path = FeedViewController.swift; sourceTree = "<group>"; };
		C01A99672606CB7600AD4402 /* CameraViewController.swift */ = {isa = PBXFileReference; lastKnownFileType = sourcecode.swift; path = CameraViewController.swift; sourceTree = "<group>"; };
		C01A99692607EF0D00AD4402 /* PostCell.swift */ = {isa = PBXFileReference; lastKnownFileType = sourcecode.swift; path = PostCell.swift; sourceTree = "<group>"; };
		C07B4470260F8F7200F8A3A3 /* CommentCell.swift */ = {isa = PBXFileReference; lastKnownFileType = sourcecode.swift; path = CommentCell.swift; sourceTree = "<group>"; };
		E03423946FD4784F87ABBA56 /* Pods_Parstagram.framework */ = {isa = PBXFileReference; explicitFileType = wrapper.framework; includeInIndex = 0; path = Pods_Parstagram.framework; sourceTree = BUILT_PRODUCTS_DIR; };
		F0E16534DE374359098BF53E /* Pods-Parstagram.release.xcconfig */ = {isa = PBXFileReference; includeInIndex = 1; lastKnownFileType = text.xcconfig; name = "Pods-Parstagram.release.xcconfig"; path = "Target Support Files/Pods-Parstagram/Pods-Parstagram.release.xcconfig"; sourceTree = "<group>"; };
/* End PBXFileReference section */

/* Begin PBXFrameworksBuildPhase section */
		C01A994926067D6D00AD4402 /* Frameworks */ = {
			isa = PBXFrameworksBuildPhase;
			buildActionMask = 2147483647;
			files = (
				23BF2818CA557132B5051F08 /* Pods_Parstagram.framework in Frameworks */,
			);
			runOnlyForDeploymentPostprocessing = 0;
		};
/* End PBXFrameworksBuildPhase section */

/* Begin PBXGroup section */
		56048E392385F3E345C7B27A /* Frameworks */ = {
			isa = PBXGroup;
			children = (
				E03423946FD4784F87ABBA56 /* Pods_Parstagram.framework */,
			);
			name = Frameworks;
			sourceTree = "<group>";
		};
		5AEE7DA399B49E5260B66EDB /* Pods */ = {
			isa = PBXGroup;
			children = (
				89591A6754FBB63B779AE487 /* Pods-Parstagram.debug.xcconfig */,
				F0E16534DE374359098BF53E /* Pods-Parstagram.release.xcconfig */,
			);
			path = Pods;
			sourceTree = "<group>";
		};
		C01A994326067D6D00AD4402 = {
			isa = PBXGroup;
			children = (
				C01A994E26067D6D00AD4402 /* Parstagram */,
				C01A994D26067D6D00AD4402 /* Products */,
				5AEE7DA399B49E5260B66EDB /* Pods */,
				56048E392385F3E345C7B27A /* Frameworks */,
			);
			sourceTree = "<group>";
		};
		C01A994D26067D6D00AD4402 /* Products */ = {
			isa = PBXGroup;
			children = (
				C01A994C26067D6D00AD4402 /* Parstagram.app */,
			);
			name = Products;
			sourceTree = "<group>";
		};
		C01A994E26067D6D00AD4402 /* Parstagram */ = {
			isa = PBXGroup;
			children = (
				C01A994F26067D6D00AD4402 /* AppDelegate.swift */,
				C01A995126067D6D00AD4402 /* SceneDelegate.swift */,
				C01A995326067D6D00AD4402 /* ViewController.swift */,
				C01A995526067D6D00AD4402 /* Main.storyboard */,
				C01A995826067D7400AD4402 /* Assets.xcassets */,
				C01A995A26067D7400AD4402 /* LaunchScreen.storyboard */,
				C01A995D26067D7400AD4402 /* Info.plist */,
				C01A99632606C58B00AD4402 /* LoginViewController.swift */,
				C01A99652606C5A200AD4402 /* FeedViewController.swift */,
				C01A99672606CB7600AD4402 /* CameraViewController.swift */,
				C01A99692607EF0D00AD4402 /* PostCell.swift */,
				C07B4470260F8F7200F8A3A3 /* CommentCell.swift */,
			);
			path = Parstagram;
			sourceTree = "<group>";
		};
/* End PBXGroup section */

/* Begin PBXNativeTarget section */
		C01A994B26067D6D00AD4402 /* Parstagram */ = {
			isa = PBXNativeTarget;
			buildConfigurationList = C01A996026067D7400AD4402 /* Build configuration list for PBXNativeTarget "Parstagram" */;
			buildPhases = (
				C48981C250C9CAC2BCDD6396 /* [CP] Check Pods Manifest.lock */,
				C01A994826067D6D00AD4402 /* Sources */,
				C01A994926067D6D00AD4402 /* Frameworks */,
				C01A994A26067D6D00AD4402 /* Resources */,
				39E2BE6B8B8A274EB3853711 /* [CP] Embed Pods Frameworks */,
			);
			buildRules = (
			);
			dependencies = (
			);
			name = Parstagram;
			productName = Parstagram;
			productReference = C01A994C26067D6D00AD4402 /* Parstagram.app */;
			productType = "com.apple.product-type.application";
		};
/* End PBXNativeTarget section */

/* Begin PBXProject section */
		C01A994426067D6D00AD4402 /* Project object */ = {
			isa = PBXProject;
			attributes = {
				LastSwiftUpdateCheck = 1130;
				LastUpgradeCheck = 1130;
				ORGANIZATIONNAME = "yajur.tomar@gmail.com";
				TargetAttributes = {
					C01A994B26067D6D00AD4402 = {
						CreatedOnToolsVersion = 11.3.1;
					};
				};
			};
			buildConfigurationList = C01A994726067D6D00AD4402 /* Build configuration list for PBXProject "Parstagram" */;
			compatibilityVersion = "Xcode 9.3";
			developmentRegion = en;
			hasScannedForEncodings = 0;
			knownRegions = (
				en,
				Base,
			);
			mainGroup = C01A994326067D6D00AD4402;
			productRefGroup = C01A994D26067D6D00AD4402 /* Products */;
			projectDirPath = "";
			projectRoot = "";
			targets = (
				C01A994B26067D6D00AD4402 /* Parstagram */,
			);
		};
/* End PBXProject section */

/* Begin PBXResourcesBuildPhase section */
		C01A994A26067D6D00AD4402 /* Resources */ = {
			isa = PBXResourcesBuildPhase;
			buildActionMask = 2147483647;
			files = (
				C01A995C26067D7400AD4402 /* LaunchScreen.storyboard in Resources */,
				C01A995926067D7400AD4402 /* Assets.xcassets in Resources */,
				C01A995726067D6D00AD4402 /* Main.storyboard in Resources */,
			);
			runOnlyForDeploymentPostprocessing = 0;
		};
/* End PBXResourcesBuildPhase section */

/* Begin PBXShellScriptBuildPhase section */
		39E2BE6B8B8A274EB3853711 /* [CP] Embed Pods Frameworks */ = {
			isa = PBXShellScriptBuildPhase;
			buildActionMask = 2147483647;
			files = (
			);
			inputFileListPaths = (
				"${PODS_ROOT}/Target Support Files/Pods-Parstagram/Pods-Parstagram-frameworks-${CONFIGURATION}-input-files.xcfilelist",
			);
			name = "[CP] Embed Pods Frameworks";
			outputFileListPaths = (
				"${PODS_ROOT}/Target Support Files/Pods-Parstagram/Pods-Parstagram-frameworks-${CONFIGURATION}-output-files.xcfilelist",
			);
			runOnlyForDeploymentPostprocessing = 0;
			shellPath = /bin/sh;
			shellScript = "\"${PODS_ROOT}/Target Support Files/Pods-Parstagram/Pods-Parstagram-frameworks.sh\"\n";
			showEnvVarsInLog = 0;
		};
		C48981C250C9CAC2BCDD6396 /* [CP] Check Pods Manifest.lock */ = {
			isa = PBXShellScriptBuildPhase;
			buildActionMask = 2147483647;
			files = (
			);
			inputFileListPaths = (
			);
			inputPaths = (
				"${PODS_PODFILE_DIR_PATH}/Podfile.lock",
				"${PODS_ROOT}/Manifest.lock",
			);
			name = "[CP] Check Pods Manifest.lock";
			outputFileListPaths = (
			);
			outputPaths = (
				"$(DERIVED_FILE_DIR)/Pods-Parstagram-checkManifestLockResult.txt",
			);
			runOnlyForDeploymentPostprocessing = 0;
			shellPath = /bin/sh;
			shellScript = "diff \"${PODS_PODFILE_DIR_PATH}/Podfile.lock\" \"${PODS_ROOT}/Manifest.lock\" > /dev/null\nif [ $? != 0 ] ; then\n    # print error to STDERR\n    echo \"error: The sandbox is not in sync with the Podfile.lock. Run 'pod install' or update your CocoaPods installation.\" >&2\n    exit 1\nfi\n# This output is used by Xcode 'outputs' to avoid re-running this script phase.\necho \"SUCCESS\" > \"${SCRIPT_OUTPUT_FILE_0}\"\n";
			showEnvVarsInLog = 0;
		};
/* End PBXShellScriptBuildPhase section */

/* Begin PBXSourcesBuildPhase section */
		C01A994826067D6D00AD4402 /* Sources */ = {
			isa = PBXSourcesBuildPhase;
			buildActionMask = 2147483647;
			files = (
				C01A996A2607EF0D00AD4402 /* PostCell.swift in Sources */,
				C01A99642606C58B00AD4402 /* LoginViewController.swift in Sources */,
				C01A995426067D6D00AD4402 /* ViewController.swift in Sources */,
				C01A99662606C5A200AD4402 /* FeedViewController.swift in Sources */,
				C01A995026067D6D00AD4402 /* AppDelegate.swift in Sources */,
				C01A995226067D6D00AD4402 /* SceneDelegate.swift in Sources */,
				C01A99682606CB7600AD4402 /* CameraViewController.swift in Sources */,
				C07B4471260F8F7200F8A3A3 /* CommentCell.swift in Sources */,
			);
			runOnlyForDeploymentPostprocessing = 0;
		};
/* End PBXSourcesBuildPhase section */

/* Begin PBXVariantGroup section */
		C01A995526067D6D00AD4402 /* Main.storyboard */ = {
			isa = PBXVariantGroup;
			children = (
				C01A995626067D6D00AD4402 /* Base */,
			);
			name = Main.storyboard;
			sourceTree = "<group>";
		};
		C01A995A26067D7400AD4402 /* LaunchScreen.storyboard */ = {
			isa = PBXVariantGroup;
			children = (
				C01A995B26067D7400AD4402 /* Base */,
			);
			name = LaunchScreen.storyboard;
			sourceTree = "<group>";
		};
/* End PBXVariantGroup section */

/* Begin XCBuildConfiguration section */
		C01A995E26067D7400AD4402 /* Debug */ = {
			isa = XCBuildConfiguration;
			buildSettings = {
				ALWAYS_SEARCH_USER_PATHS = NO;
				CLANG_ANALYZER_NONNULL = YES;
				CLANG_ANALYZER_NUMBER_OBJECT_CONVERSION = YES_AGGRESSIVE;
				CLANG_CXX_LANGUAGE_STANDARD = "gnu++14";
				CLANG_CXX_LIBRARY = "libc++";
				CLANG_ENABLE_MODULES = YES;
				CLANG_ENABLE_OBJC_ARC = YES;
				CLANG_ENABLE_OBJC_WEAK = YES;
				CLANG_WARN_BLOCK_CAPTURE_AUTORELEASING = YES;
				CLANG_WARN_BOOL_CONVERSION = YES;
				CLANG_WARN_COMMA = YES;
				CLANG_WARN_CONSTANT_CONVERSION = YES;
				CLANG_WARN_DEPRECATED_OBJC_IMPLEMENTATIONS = YES;
				CLANG_WARN_DIRECT_OBJC_ISA_USAGE = YES_ERROR;
				CLANG_WARN_DOCUMENTATION_COMMENTS = YES;
				CLANG_WARN_EMPTY_BODY = YES;
				CLANG_WARN_ENUM_CONVERSION = YES;
				CLANG_WARN_INFINITE_RECURSION = YES;
				CLANG_WARN_INT_CONVERSION = YES;
				CLANG_WARN_NON_LITERAL_NULL_CONVERSION = YES;
				CLANG_WARN_OBJC_IMPLICIT_RETAIN_SELF = YES;
				CLANG_WARN_OBJC_LITERAL_CONVERSION = YES;
				CLANG_WARN_OBJC_ROOT_CLASS = YES_ERROR;
				CLANG_WARN_RANGE_LOOP_ANALYSIS = YES;
				CLANG_WARN_STRICT_PROTOTYPES = YES;
				CLANG_WARN_SUSPICIOUS_MOVE = YES;
				CLANG_WARN_UNGUARDED_AVAILABILITY = YES_AGGRESSIVE;
				CLANG_WARN_UNREACHABLE_CODE = YES;
				CLANG_WARN__DUPLICATE_METHOD_MATCH = YES;
				COPY_PHASE_STRIP = NO;
				DEBUG_INFORMATION_FORMAT = dwarf;
				ENABLE_STRICT_OBJC_MSGSEND = YES;
				ENABLE_TESTABILITY = YES;
				GCC_C_LANGUAGE_STANDARD = gnu11;
				GCC_DYNAMIC_NO_PIC = NO;
				GCC_NO_COMMON_BLOCKS = YES;
				GCC_OPTIMIZATION_LEVEL = 0;
				GCC_PREPROCESSOR_DEFINITIONS = (
					"DEBUG=1",
					"$(inherited)",
				);
				GCC_WARN_64_TO_32_BIT_CONVERSION = YES;
				GCC_WARN_ABOUT_RETURN_TYPE = YES_ERROR;
				GCC_WARN_UNDECLARED_SELECTOR = YES;
				GCC_WARN_UNINITIALIZED_AUTOS = YES_AGGRESSIVE;
				GCC_WARN_UNUSED_FUNCTION = YES;
				GCC_WARN_UNUSED_VARIABLE = YES;
				IPHONEOS_DEPLOYMENT_TARGET = 13.2;
				MTL_ENABLE_DEBUG_INFO = INCLUDE_SOURCE;
				MTL_FAST_MATH = YES;
				ONLY_ACTIVE_ARCH = YES;
				SDKROOT = iphoneos;
				SWIFT_ACTIVE_COMPILATION_CONDITIONS = DEBUG;
				SWIFT_OPTIMIZATION_LEVEL = "-Onone";
			};
			name = Debug;
		};
		C01A995F26067D7400AD4402 /* Release */ = {
			isa = XCBuildConfiguration;
			buildSettings = {
				ALWAYS_SEARCH_USER_PATHS = NO;
				CLANG_ANALYZER_NONNULL = YES;
				CLANG_ANALYZER_NUMBER_OBJECT_CONVERSION = YES_AGGRESSIVE;
				CLANG_CXX_LANGUAGE_STANDARD = "gnu++14";
				CLANG_CXX_LIBRARY = "libc++";
				CLANG_ENABLE_MODULES = YES;
				CLANG_ENABLE_OBJC_ARC = YES;
				CLANG_ENABLE_OBJC_WEAK = YES;
				CLANG_WARN_BLOCK_CAPTURE_AUTORELEASING = YES;
				CLANG_WARN_BOOL_CONVERSION = YES;
				CLANG_WARN_COMMA = YES;
				CLANG_WARN_CONSTANT_CONVERSION = YES;
				CLANG_WARN_DEPRECATED_OBJC_IMPLEMENTATIONS = YES;
				CLANG_WARN_DIRECT_OBJC_ISA_USAGE = YES_ERROR;
				CLANG_WARN_DOCUMENTATION_COMMENTS = YES;
				CLANG_WARN_EMPTY_BODY = YES;
				CLANG_WARN_ENUM_CONVERSION = YES;
				CLANG_WARN_INFINITE_RECURSION = YES;
				CLANG_WARN_INT_CONVERSION = YES;
				CLANG_WARN_NON_LITERAL_NULL_CONVERSION = YES;
				CLANG_WARN_OBJC_IMPLICIT_RETAIN_SELF = YES;
				CLANG_WARN_OBJC_LITERAL_CONVERSION = YES;
				CLANG_WARN_OBJC_ROOT_CLASS = YES_ERROR;
				CLANG_WARN_RANGE_LOOP_ANALYSIS = YES;
				CLANG_WARN_STRICT_PROTOTYPES = YES;
				CLANG_WARN_SUSPICIOUS_MOVE = YES;
				CLANG_WARN_UNGUARDED_AVAILABILITY = YES_AGGRESSIVE;
				CLANG_WARN_UNREACHABLE_CODE = YES;
				CLANG_WARN__DUPLICATE_METHOD_MATCH = YES;
				COPY_PHASE_STRIP = NO;
				DEBUG_INFORMATION_FORMAT = "dwarf-with-dsym";
				ENABLE_NS_ASSERTIONS = NO;
				ENABLE_STRICT_OBJC_MSGSEND = YES;
				GCC_C_LANGUAGE_STANDARD = gnu11;
				GCC_NO_COMMON_BLOCKS = YES;
				GCC_WARN_64_TO_32_BIT_CONVERSION = YES;
				GCC_WARN_ABOUT_RETURN_TYPE = YES_ERROR;
				GCC_WARN_UNDECLARED_SELECTOR = YES;
				GCC_WARN_UNINITIALIZED_AUTOS = YES_AGGRESSIVE;
				GCC_WARN_UNUSED_FUNCTION = YES;
				GCC_WARN_UNUSED_VARIABLE = YES;
				IPHONEOS_DEPLOYMENT_TARGET = 13.2;
				MTL_ENABLE_DEBUG_INFO = NO;
				MTL_FAST_MATH = YES;
				SDKROOT = iphoneos;
				SWIFT_COMPILATION_MODE = wholemodule;
				SWIFT_OPTIMIZATION_LEVEL = "-O";
				VALIDATE_PRODUCT = YES;
			};
			name = Release;
		};
		C01A996126067D7400AD4402 /* Debug */ = {
			isa = XCBuildConfiguration;
			baseConfigurationReference = 89591A6754FBB63B779AE487 /* Pods-Parstagram.debug.xcconfig */;
			buildSettings = {
				ASSETCATALOG_COMPILER_APPICON_NAME = AppIcon;
				CODE_SIGN_STYLE = Automatic;
				INFOPLIST_FILE = Parstagram/Info.plist;
				LD_RUNPATH_SEARCH_PATHS = (
					"$(inherited)",
					"@executable_path/Frameworks",
				);
				PRODUCT_BUNDLE_IDENTIFIER = com.yajurtomar.Parstagram;
				PRODUCT_NAME = "$(TARGET_NAME)";
				SWIFT_VERSION = 5.0;
				TARGETED_DEVICE_FAMILY = "1,2";
			};
			name = Debug;
		};
		C01A996226067D7400AD4402 /* Release */ = {
			isa = XCBuildConfiguration;
			baseConfigurationReference = F0E16534DE374359098BF53E /* Pods-Parstagram.release.xcconfig */;
			buildSettings = {
				ASSETCATALOG_COMPILER_APPICON_NAME = AppIcon;
				CODE_SIGN_STYLE = Automatic;
				INFOPLIST_FILE = Parstagram/Info.plist;
				LD_RUNPATH_SEARCH_PATHS = (
					"$(inherited)",
					"@executable_path/Frameworks",
				);
				PRODUCT_BUNDLE_IDENTIFIER = com.yajurtomar.Parstagram;
				PRODUCT_NAME = "$(TARGET_NAME)";
				SWIFT_VERSION = 5.0;
				TARGETED_DEVICE_FAMILY = "1,2";
			};
			name = Release;
		};
/* End XCBuildConfiguration section */

/* Begin XCConfigurationList section */
		C01A994726067D6D00AD4402 /* Build configuration list for PBXProject "Parstagram" */ = {
			isa = XCConfigurationList;
			buildConfigurations = (
				C01A995E26067D7400AD4402 /* Debug */,
				C01A995F26067D7400AD4402 /* Release */,
			);
			defaultConfigurationIsVisible = 0;
			defaultConfigurationName = Release;
		};
		C01A996026067D7400AD4402 /* Build configuration list for PBXNativeTarget "Parstagram" */ = {
			isa = XCConfigurationList;
			buildConfigurations = (
				C01A996126067D7400AD4402 /* Debug */,
				C01A996226067D7400AD4402 /* Release */,
			);
			defaultConfigurationIsVisible = 0;
			defaultConfigurationName = Release;
		};
/* End XCConfigurationList section */
	};
	rootObject = C01A994426067D6D00AD4402 /* Project object */;
}
